<?xml version="1.0" encoding="utf-8"?>
<Project ToolsVersion="15.0" xmlns="http://schemas.microsoft.com/developer/msbuild/2003">
  <ItemGroup>
    <CustomBuild Include="C:\Users\ALHARBRQ\Documents\vk_raytracing_tutorial_KHR\CMakeFiles\34fc85e80d08f0b44ce5e0f9b26e9694\INSTALL_force.rule">
      <Filter>CMake Rules</Filter>
    </CustomBuild>
  </ItemGroup>
  <ItemGroup>
    <Filter Include="CMake Rules">
      <UniqueIdentifier>{D55D1BFE-6827-31E4-8A7E-C1175E6B0A5E}</UniqueIdentifier>
    </Filter>
  </ItemGroup>
</Project>
